
Microsoft Visual Studio Solution File, Format Version 12.00
# Visual Studio Version 16
VisualStudioVersion = 16.0.32630.195
MinimumVisualStudioVersion = 10.0.40219.1
Project("{FAE04EC0-301F-11D3-BF4B-00C04F79EFBC}") = "Ejemplo semana 5", "Ejemplo semana 5\Ejemplo semana 5.csproj", "{D1272766-CC4A-4BF5-84C7-70D34C032E21}"
EndProject
Global
	GlobalSection(SolutionConfigurationPlatforms) = preSolution
		Debug|Any CPU = Debug|Any CPU
		Release|Any CPU = Release|Any CPU
	EndGlobalSection
	GlobalSection(ProjectConfigurationPlatforms) = postSolution
		{D1272766-CC4A-4BF5-84C7-70D34C032E21}.Debug|Any CPU.ActiveCfg = Debug|Any CPU
		{D1272766-CC4A-4BF5-84C7-70D34C032E21}.Debug|Any CPU.Build.0 = Debug|Any CPU
		{D1272766-CC4A-4BF5-84C7-70D34C032E21}.Release|Any CPU.ActiveCfg = Release|Any CPU
		{D1272766-CC4A-4BF5-84C7-70D34C032E21}.Release|Any CPU.Build.0 = Release|Any CPU
	EndGlobalSection
	GlobalSection(SolutionProperties) = preSolution
		HideSolutionNode = FALSE
	EndGlobalSection
	GlobalSection(ExtensibilityGlobals) = postSolution
		SolutionGuid = {3CECDB9E-BA5D-4FE9-8743-265BEE1B071C}
	EndGlobalSection
EndGlobal
